
Microsoft Visual Studio Solution File, Format Version 12.00
# Visual Studio 15
Project("{FAE04EC0-301F-11D3-BF4B-00C04F79EFBC}") = "Assembly-CSharp", "Assembly-CSharp.csproj", "{932E4AA1-6077-DC6A-AD63-F158519C0198}"
EndProject
Project("{FAE04EC0-301F-11D3-BF4B-00C04F79EFBC}") = "Assembly-CSharp-Editor", "Assembly-CSharp-Editor.csproj", "{F852AC74-89A9-9A4C-014A-FC4B035A7545}"
EndProject
Global
	GlobalSection(SolutionConfigurationPlatforms) = preSolution
		Debug|Any CPU = Debug|Any CPU
		Release|Any CPU = Release|Any CPU
	EndGlobalSection
	GlobalSection(ProjectConfigurationPlatforms) = postSolution
		{932E4AA1-6077-DC6A-AD63-F158519C0198}.Debug|Any CPU.ActiveCfg = Debug|Any CPU
		{932E4AA1-6077-DC6A-AD63-F158519C0198}.Debug|Any CPU.Build.0 = Debug|Any CPU
		{932E4AA1-6077-DC6A-AD63-F158519C0198}.Release|Any CPU.ActiveCfg = Release|Any CPU
		{932E4AA1-6077-DC6A-AD63-F158519C0198}.Release|Any CPU.Build.0 = Release|Any CPU
		{F852AC74-89A9-9A4C-014A-FC4B035A7545}.Debug|Any CPU.ActiveCfg = Debug|Any CPU
		{F852AC74-89A9-9A4C-014A-FC4B035A7545}.Debug|Any CPU.Build.0 = Debug|Any CPU
		{F852AC74-89A9-9A4C-014A-FC4B035A7545}.Release|Any CPU.ActiveCfg = Release|Any CPU
		{F852AC74-89A9-9A4C-014A-FC4B035A7545}.Release|Any CPU.Build.0 = Release|Any CPU
	EndGlobalSection
	GlobalSection(SolutionProperties) = preSolution
		HideSolutionNode = FALSE
	EndGlobalSection
EndGlobal
